
Microsoft Visual Studio Solution File, Format Version 12.00
# Visual Studio 14
VisualStudioVersion = 14.0.25123.0
MinimumVisualStudioVersion = 10.0.40219.1
Project("{151D2E53-A2C4-4D7D-83FE-D05416EBD58E}") = "template-building-blocks", "template-building-blocks.deployproj", "{06C057FD-2159-461B-90AF-F2551FA1C2E0}"
EndProject
Global
	GlobalSection(SolutionConfigurationPlatforms) = preSolution
		Debug|Any CPU = Debug|Any CPU
		Release|Any CPU = Release|Any CPU
	EndGlobalSection
	GlobalSection(ProjectConfigurationPlatforms) = postSolution
		{06C057FD-2159-461B-90AF-F2551FA1C2E0}.Debug|Any CPU.ActiveCfg = Debug|Any CPU
		{06C057FD-2159-461B-90AF-F2551FA1C2E0}.Debug|Any CPU.Build.0 = Debug|Any CPU
		{06C057FD-2159-461B-90AF-F2551FA1C2E0}.Release|Any CPU.ActiveCfg = Release|Any CPU
		{06C057FD-2159-461B-90AF-F2551FA1C2E0}.Release|Any CPU.Build.0 = Release|Any CPU
	EndGlobalSection
	GlobalSection(SolutionProperties) = preSolution
		HideSolutionNode = FALSE
	EndGlobalSection
EndGlobal
